{
  "version": "4",
  "specifiers": {
    "npm:array@~0.4.3": "0.4.3",
    "npm:commander@^12.1.0": "12.1.0"
  },
  "npm": {
    "array@0.4.3": {
      "integrity": "sha512-YcDWJeh89FHxf5ejRLnOwLnF5ZNm+gzMaV2p6Fau6NAOW4V3DL70dRLqMUb/FcCQ4lokPyaGnzdO+U46TrAuGw==",
      "dependencies": [
        "emitter-component",
        "to-function"
      ]
    },
    "commander@12.1.0": {
      "integrity": "sha512-Vw8qHK3bZM9y/P10u3Vib8o/DdkvA2OtPtZvD871QKjy74Wj1WSKFILMPRPSdUSx5RFK1arlJzEtA4PkFgnbuA=="
    },
    "emitter-component@1.1.2": {
      "integrity": "sha512-QdXO3nXOzZB4pAjM0n6ZE+R9/+kPpECA/XSELIcc54NeYVnBqIk+4DFiBgK+8QbV3mdvTG6nedl7dTYgO+5wDw=="
    },
    "props-component@1.0.3": {
      "integrity": "sha512-oQ8Z4MuSblWUO3NUM+mPncu/8Eeo+/UVhhCp0itY1HbOuJ9413U5rLoFbMc0f9qfHfRuSn/5ltKJkYShQRS0oA=="
    },
    "to-function@1.2.1": {
      "integrity": "sha512-viF8Zq4BpUBGCH7ke8wZFvClz916ZGynYigwQbcVXwpAnSUY/ty/GwcsIq77mVtZmhdLOhXt57oTqR7lzPukhw==",
      "dependencies": [
        "props-component"
      ]
    }
  },
  "workspace": {
    "dependencies": [
      "npm:array@~0.4.3",
      "npm:commander@^12.1.0"
    ]
  }
}
